
Microsoft Visual Studio Solution File, Format Version 12.00
# Visual Studio 14
VisualStudioVersion = 14.0.25420.1
MinimumVisualStudioVersion = 10.0.40219.1
Project("{FAE04EC0-301F-11D3-BF4B-00C04F79EFBC}") = "Webshop.Web", "Webshop.Web\Webshop.Web.csproj", "{E753DBB7-76B0-42F3-A5F5-01BCCDC45139}"
EndProject
Project("{FAE04EC0-301F-11D3-BF4B-00C04F79EFBC}") = "Webshop.Model", "Webshop.Model\Webshop.Model.csproj", "{3434DA15-8383-4FA5-8C9A-C5933B7B3015}"
EndProject
Project("{FAE04EC0-301F-11D3-BF4B-00C04F79EFBC}") = "Webshop.Repository", "Webshop.Repository\Webshop.Repository.csproj", "{3BFA8136-7064-4225-8AFD-F0F8BDBAF0B6}"
EndProject
Project("{FAE04EC0-301F-11D3-BF4B-00C04F79EFBC}") = "Webshop.Repository.DbStorage", "Webshop.Repository.DbStorage\Webshop.Repository.DbStorage.csproj", "{88EB2678-AFAC-40CE-8621-6696E341432C}"
EndProject
Project("{2150E333-8FDC-42A3-9474-1A3956D46DE8}") = "Repository", "Repository", "{3DB47363-5F1A-47BD-B18F-CA81D122DA6D}"
EndProject
Project("{2150E333-8FDC-42A3-9474-1A3956D46DE8}") = "Model", "Model", "{25AC9EC5-A98F-4918-A8D0-FA55152FE24E}"
EndProject
Project("{2150E333-8FDC-42A3-9474-1A3956D46DE8}") = "Web", "Web", "{2BEC29D0-38D2-4DBF-B202-29AB73436A9B}"
EndProject
Project("{FAE04EC0-301F-11D3-BF4B-00C04F79EFBC}") = "Webshop.Repository.MemoryStorage", "Webshop.Repository.MemoryStorage\Webshop.Repository.MemoryStorage.csproj", "{95DC3DBE-5BC6-4EB1-ACE8-275C4B98805F}"
EndProject
Global
	GlobalSection(SolutionConfigurationPlatforms) = preSolution
		Debug|Any CPU = Debug|Any CPU
		Release|Any CPU = Release|Any CPU
	EndGlobalSection
	GlobalSection(ProjectConfigurationPlatforms) = postSolution
		{E753DBB7-76B0-42F3-A5F5-01BCCDC45139}.Debug|Any CPU.ActiveCfg = Debug|Any CPU
		{E753DBB7-76B0-42F3-A5F5-01BCCDC45139}.Debug|Any CPU.Build.0 = Debug|Any CPU
		{E753DBB7-76B0-42F3-A5F5-01BCCDC45139}.Release|Any CPU.ActiveCfg = Release|Any CPU
		{E753DBB7-76B0-42F3-A5F5-01BCCDC45139}.Release|Any CPU.Build.0 = Release|Any CPU
		{3434DA15-8383-4FA5-8C9A-C5933B7B3015}.Debug|Any CPU.ActiveCfg = Debug|Any CPU
		{3434DA15-8383-4FA5-8C9A-C5933B7B3015}.Debug|Any CPU.Build.0 = Debug|Any CPU
		{3434DA15-8383-4FA5-8C9A-C5933B7B3015}.Release|Any CPU.ActiveCfg = Release|Any CPU
		{3434DA15-8383-4FA5-8C9A-C5933B7B3015}.Release|Any CPU.Build.0 = Release|Any CPU
		{3BFA8136-7064-4225-8AFD-F0F8BDBAF0B6}.Debug|Any CPU.ActiveCfg = Debug|Any CPU
		{3BFA8136-7064-4225-8AFD-F0F8BDBAF0B6}.Debug|Any CPU.Build.0 = Debug|Any CPU
		{3BFA8136-7064-4225-8AFD-F0F8BDBAF0B6}.Release|Any CPU.ActiveCfg = Release|Any CPU
		{3BFA8136-7064-4225-8AFD-F0F8BDBAF0B6}.Release|Any CPU.Build.0 = Release|Any CPU
		{88EB2678-AFAC-40CE-8621-6696E341432C}.Debug|Any CPU.ActiveCfg = Debug|Any CPU
		{88EB2678-AFAC-40CE-8621-6696E341432C}.Debug|Any CPU.Build.0 = Debug|Any CPU
		{88EB2678-AFAC-40CE-8621-6696E341432C}.Release|Any CPU.ActiveCfg = Release|Any CPU
		{88EB2678-AFAC-40CE-8621-6696E341432C}.Release|Any CPU.Build.0 = Release|Any CPU
		{95DC3DBE-5BC6-4EB1-ACE8-275C4B98805F}.Debug|Any CPU.ActiveCfg = Debug|Any CPU
		{95DC3DBE-5BC6-4EB1-ACE8-275C4B98805F}.Debug|Any CPU.Build.0 = Debug|Any CPU
		{95DC3DBE-5BC6-4EB1-ACE8-275C4B98805F}.Release|Any CPU.ActiveCfg = Release|Any CPU
		{95DC3DBE-5BC6-4EB1-ACE8-275C4B98805F}.Release|Any CPU.Build.0 = Release|Any CPU
	EndGlobalSection
	GlobalSection(SolutionProperties) = preSolution
		HideSolutionNode = FALSE
	EndGlobalSection
	GlobalSection(NestedProjects) = preSolution
		{E753DBB7-76B0-42F3-A5F5-01BCCDC45139} = {2BEC29D0-38D2-4DBF-B202-29AB73436A9B}
		{3434DA15-8383-4FA5-8C9A-C5933B7B3015} = {25AC9EC5-A98F-4918-A8D0-FA55152FE24E}
		{3BFA8136-7064-4225-8AFD-F0F8BDBAF0B6} = {3DB47363-5F1A-47BD-B18F-CA81D122DA6D}
		{88EB2678-AFAC-40CE-8621-6696E341432C} = {3DB47363-5F1A-47BD-B18F-CA81D122DA6D}
		{95DC3DBE-5BC6-4EB1-ACE8-275C4B98805F} = {3DB47363-5F1A-47BD-B18F-CA81D122DA6D}
	EndGlobalSection
EndGlobal
